// !$*UTF8*$!
{
	archiveVersion = 1;
	classes = {
	};
	objectVersion = 46;
	objects = {

/* Begin PBXBuildFile section */
		0E9039967BB848087D4B37D6 /* espHandler.c in Sources */ = {isa = PBXBuildFile; fileRef = 98DB18DEE63E0F105C5D0F1E /* espHandler.c */; };
		4165394C9CA68CBE7000D78C /* mprLib.c in Sources */ = {isa = PBXBuildFile; fileRef = 7260D09489736BC6798F66D4 /* mprLib.c */; };
		5E9E2EDA70556ECCE5C35D1A /* testWebSocketsHandler.c in Sources */ = {isa = PBXBuildFile; fileRef = 2C386CE2A020E494C26E9322 /* testWebSocketsHandler.c */; };
		60EAB7C2B8502AB46A5E4602 /* fastHandler.c in Sources */ = {isa = PBXBuildFile; fileRef = 6332D54A952C1FFC0F0B5B8A /* fastHandler.c */; };
		7D8A341E7E3D3110F21F025E /* rom.c in Sources */ = {isa = PBXBuildFile; fileRef = 235E9B6673723018F5F061A6 /* rom.c */; };
		9F9442CEF621AD40CE9AC10E /* config.c in Sources */ = {isa = PBXBuildFile; fileRef = 4CA7DC165018AE48D1855256 /* config.c */; };
		C775E23F14D8D8718AF7D87F /* httpLib.c in Sources */ = {isa = PBXBuildFile; fileRef = AA0B086794F72E59DCDCF6A7 /* httpLib.c */; };
		C9D7968C36FFA4FE389294CC /* cgiHandler.c in Sources */ = {isa = PBXBuildFile; fileRef = BA7BE17407DED7A67DFDD7B4 /* cgiHandler.c */; };
		D45F93662BC50658DDD321A6 /* testHandler.c in Sources */ = {isa = PBXBuildFile; fileRef = 984244AECA3B8F60441ACAEE /* testHandler.c */; };
		D8F92D4A9F8724BC0D894B8A /* proxyHandler.c in Sources */ = {isa = PBXBuildFile; fileRef = E9AA51527F211084EDBD6792 /* proxyHandler.c */; };
		D9E30D5C4B05AE4E00CC5B9C /* convenience.c in Sources */ = {isa = PBXBuildFile; fileRef = 113E59C4397912762114A004 /* convenience.c */; };
		F6EA3D06EAE986786FD49B46 /* testBenchHandler.c in Sources */ = {isa = PBXBuildFile; fileRef = A531674EE9453880DD16BD8E /* testBenchHandler.c */; };
/* End PBXBuildFile section */

/* Begin PBXFileReference section */
		113E59C4397912762114A004 /* convenience.c */ = {isa = PBXFileReference; lastKnownFileType = sourcecode.c.c; name = convenience.c; path = ../../src/convenience.c; sourceTree = "<group>"; };
		235E9B6673723018F5F061A6 /* rom.c */ = {isa = PBXFileReference; lastKnownFileType = sourcecode.c.c; name = rom.c; path = ../../src/rom.c; sourceTree = "<group>"; };
		2C386CE2A020E494C26E9322 /* testWebSocketsHandler.c */ = {isa = PBXFileReference; lastKnownFileType = sourcecode.c.c; name = testWebSocketsHandler.c; path = ../../src/modules/testWebSocketsHandler.c; sourceTree = "<group>"; };
		4CA7DC165018AE48D1855256 /* config.c */ = {isa = PBXFileReference; lastKnownFileType = sourcecode.c.c; name = config.c; path = ../../src/config.c; sourceTree = "<group>"; };
		6332D54A952C1FFC0F0B5B8A /* fastHandler.c */ = {isa = PBXFileReference; lastKnownFileType = sourcecode.c.c; name = fastHandler.c; path = ../../src/modules/fastHandler.c; sourceTree = "<group>"; };
		7260D09489736BC6798F66D4 /* mprLib.c */ = {isa = PBXFileReference; lastKnownFileType = sourcecode.c.c; name = mprLib.c; path = ../../src/mpr/mprLib.c; sourceTree = "<group>"; };
		984244AECA3B8F60441ACAEE /* testHandler.c */ = {isa = PBXFileReference; lastKnownFileType = sourcecode.c.c; name = testHandler.c; path = ../../src/modules/testHandler.c; sourceTree = "<group>"; };
		98DB18DEE63E0F105C5D0F1E /* espHandler.c */ = {isa = PBXFileReference; lastKnownFileType = sourcecode.c.c; name = espHandler.c; path = ../../src/modules/espHandler.c; sourceTree = "<group>"; };
		A531674EE9453880DD16BD8E /* testBenchHandler.c */ = {isa = PBXFileReference; lastKnownFileType = sourcecode.c.c; name = testBenchHandler.c; path = ../../src/modules/testBenchHandler.c; sourceTree = "<group>"; };
		AA0B086794F72E59DCDCF6A7 /* httpLib.c */ = {isa = PBXFileReference; lastKnownFileType = sourcecode.c.c; name = httpLib.c; path = ../../src/http/httpLib.c; sourceTree = "<group>"; };
		B47F3001DAA55FB341AC5641 /* libappweb.dylib */ = {isa = PBXFileReference; explicitFileType = "compiled.mach-o.dylib"; includeInIndex = 0; name = libappweb.dylib; path = libappweb.dylib; sourceTree = BUILT_PRODUCTS_DIR; };
		BA7BE17407DED7A67DFDD7B4 /* cgiHandler.c */ = {isa = PBXFileReference; lastKnownFileType = sourcecode.c.c; name = cgiHandler.c; path = ../../src/modules/cgiHandler.c; sourceTree = "<group>"; };
		E9AA51527F211084EDBD6792 /* proxyHandler.c */ = {isa = PBXFileReference; lastKnownFileType = sourcecode.c.c; name = proxyHandler.c; path = ../../src/modules/proxyHandler.c; sourceTree = "<group>"; };
/* End PBXFileReference section */

/* Begin PBXFrameworksBuildPhase section */
		12BF4CF1B5AD73A344D35331 /* Frameworks */ = {
			isa = PBXFrameworksBuildPhase;
			buildActionMask = 2147483647;
			files = (
			);
			runOnlyForDeploymentPostprocessing = 0;
		};
/* End PBXFrameworksBuildPhase section */

/* Begin PBXCopyFilesBuildPhase section */
		95919D9DACA438CF9CC033DD /* Embed Libraries */ = {
			isa = PBXCopyFilesBuildPhase;
			buildActionMask = 2147483647;
			dstPath = "";
			dstSubfolderSpec = 10;
			files = (
			);
			name = "Embed Libraries";
			runOnlyForDeploymentPostprocessing = 0;
		};
/* End PBXCopyFilesBuildPhase section */

/* Begin PBXGroup section */
		25F7704311E87BF564201683 /* appweb-lib */ = {
			isa = PBXGroup;
			children = (
				4CA7DC165018AE48D1855256 /* config.c */,
				113E59C4397912762114A004 /* convenience.c */,
				CBE1D8087844983A36CD0E48 /* http */,
				87EACF1A2C3D6CCC3E75B55A /* modules */,
				620091C64DF19D78A0293806 /* mpr */,
				235E9B6673723018F5F061A6 /* rom.c */,
				A6C936B49B3FADE6EA134CF4 /* Products */,
			);
			name = "appweb-lib";
			sourceTree = "<group>";
		};
		620091C64DF19D78A0293806 /* mpr */ = {
			isa = PBXGroup;
			children = (
				7260D09489736BC6798F66D4 /* mprLib.c */,
			);
			name = mpr;
			sourceTree = "<group>";
		};
		87EACF1A2C3D6CCC3E75B55A /* modules */ = {
			isa = PBXGroup;
			children = (
				BA7BE17407DED7A67DFDD7B4 /* cgiHandler.c */,
				98DB18DEE63E0F105C5D0F1E /* espHandler.c */,
				6332D54A952C1FFC0F0B5B8A /* fastHandler.c */,
				E9AA51527F211084EDBD6792 /* proxyHandler.c */,
				A531674EE9453880DD16BD8E /* testBenchHandler.c */,
				984244AECA3B8F60441ACAEE /* testHandler.c */,
				2C386CE2A020E494C26E9322 /* testWebSocketsHandler.c */,
			);
			name = modules;
			sourceTree = "<group>";
		};
		A6C936B49B3FADE6EA134CF4 /* Products */ = {
			isa = PBXGroup;
			children = (
				B47F3001DAA55FB341AC5641 /* libappweb.dylib */,
			);
			name = Products;
			sourceTree = "<group>";
		};
		CBE1D8087844983A36CD0E48 /* http */ = {
			isa = PBXGroup;
			children = (
				AA0B086794F72E59DCDCF6A7 /* httpLib.c */,
			);
			name = http;
			sourceTree = "<group>";
		};
/* End PBXGroup section */

/* Begin PBXNativeTarget section */
		74308BC76D968D396131EA07 /* appweb-lib */ = {
			isa = PBXNativeTarget;
			buildConfigurationList = 00FA9550A3E8BC02330E9B90 /* Build configuration list for PBXNativeTarget "appweb-lib" */;
			buildPhases = (
				82A6CD912594F443B4BAD3D1 /* Resources */,
				EC53E6E88F420D9A1E67ED28 /* Sources */,
				12BF4CF1B5AD73A344D35331 /* Frameworks */,
				95919D9DACA438CF9CC033DD /* Embed Libraries */,
			);
			buildRules = (
			);
			dependencies = (
			);
			name = "appweb-lib";
			productName = "appweb-lib";
			productReference = B47F3001DAA55FB341AC5641 /* libappweb.dylib */;
			productType = "com.apple.product-type.library.dynamic";
		};
/* End PBXNativeTarget section */

/* Begin PBXProject section */
		08FB7793FE84155DC02AAC07 /* Project object */ = {
			isa = PBXProject;
			buildConfigurationList = 1DEB928908733DD80010E9CD /* Build configuration list for PBXProject "appweb-lib" */;
			compatibilityVersion = "Xcode 3.2";
			hasScannedForEncodings = 1;
			mainGroup = 25F7704311E87BF564201683 /* appweb-lib */;
			projectDirPath = "";
			projectRoot = "";
			targets = (
				74308BC76D968D396131EA07 /* libappweb.dylib */,
			);
		};
/* End PBXProject section */

/* Begin PBXResourcesBuildPhase section */
		82A6CD912594F443B4BAD3D1 /* Resources */ = {
			isa = PBXResourcesBuildPhase;
			buildActionMask = 2147483647;
			files = (
			);
			runOnlyForDeploymentPostprocessing = 0;
		};
/* End PBXResourcesBuildPhase section */

/* Begin PBXSourcesBuildPhase section */
		EC53E6E88F420D9A1E67ED28 /* Sources */ = {
			isa = PBXSourcesBuildPhase;
			buildActionMask = 2147483647;
			files = (
				9F9442CEF621AD40CE9AC10E /* config.c in Sources */,
				D9E30D5C4B05AE4E00CC5B9C /* convenience.c in Sources */,
				C775E23F14D8D8718AF7D87F /* httpLib.c in Sources */,
				C9D7968C36FFA4FE389294CC /* cgiHandler.c in Sources */,
				0E9039967BB848087D4B37D6 /* espHandler.c in Sources */,
				60EAB7C2B8502AB46A5E4602 /* fastHandler.c in Sources */,
				D8F92D4A9F8724BC0D894B8A /* proxyHandler.c in Sources */,
				F6EA3D06EAE986786FD49B46 /* testBenchHandler.c in Sources */,
				D45F93662BC50658DDD321A6 /* testHandler.c in Sources */,
				5E9E2EDA70556ECCE5C35D1A /* testWebSocketsHandler.c in Sources */,
				4165394C9CA68CBE7000D78C /* mprLib.c in Sources */,
				7D8A341E7E3D3110F21F025E /* rom.c in Sources */,
			);
			runOnlyForDeploymentPostprocessing = 0;
		};
/* End PBXSourcesBuildPhase section */

/* Begin PBXVariantGroup section */
/* End PBXVariantGroup section */

/* Begin XCBuildConfiguration section */
		792C6AB0C68F60E23CAE60F0 /* release */ = {
			isa = XCBuildConfiguration;
			buildSettings = {
				ALWAYS_SEARCH_USER_PATHS = NO;
				CONFIGURATION_BUILD_DIR = ../../build/bin;
				EXECUTABLE_PREFIX = lib;
				GCC_DYNAMIC_NO_PIC = NO;
				INSTALL_PATH = /usr/local/lib;
				PRODUCT_NAME = appweb;
			};
			name = release;
		};
		C0C4FC52EF6B504448ACAA92 /* debug */ = {
			isa = XCBuildConfiguration;
			buildSettings = {
				CONFIGURATION_BUILD_DIR = "$(SYMROOT)";
				CONFIGURATION_TEMP_DIR = "$(OBJROOT)";
				COPY_PHASE_STRIP = NO;
				GCC_C_LANGUAGE_STANDARD = gnu11;
				GCC_ENABLE_FIX_AND_CONTINUE = YES;
				GCC_OPTIMIZATION_LEVEL = 0;
				GCC_PREPROCESSOR_DEFINITIONS = (
					"ME_VERSION=\\\"9.2.0\\\"",
					"ME_APPWEB_PRODUCT=1",
					"ME_APP_PREFIX=\\\"/usr/local/lib/appweb\\\"",
					"ME_COM_CGI=1",
					"ME_COM_FAST=1",
					"ME_COM_PROXY=1",
					"ME_HTTP_BASIC=1",
					"ME_HTTP_CACHE=1",
					"ME_HTTP_CMD=1",
					"ME_HTTP_DEFENSE=1",
					"ME_HTTP_DIGEST=1",
					"ME_HTTP_DIR=1",
					"ME_HTTP_HTTP2=1",
					"ME_HTTP_PAM=1",
					"ME_HTTP_SENDFILE=1",
					"ME_HTTP_UPLOAD=1",
					"ME_HTTP_WEB_SOCKETS=1",
					"ME_COM_PCRE2=0",
					"ME_COM_OPENSSL=1",
					"ME_COM_MBEDTLS=0",
					"ME_COM_SSL=1",
					"ME_COM_MBEDTLS_PATH=\\\"/usr\\\"",
					"ME_COM_OPENSSL_PATH=\\\"/opt/homebrew\\\"",
					"ME_DEBUG=1",
				);
				GCC_SYMBOLS_PRIVATE_EXTERN = NO;
				GCC_WARN_ABOUT_RETURN_TYPE = YES;
				GCC_WARN_UNUSED_VARIABLE = YES;
				LIBRARY_SEARCH_PATHS = (
					/opt/homebrew/lib,
				);
				OBJROOT = "../../build/obj/appweb-lib-macosx-debug";
				ONLY_ACTIVE_ARCH = YES;
				OTHER_CFLAGS = (
					"-Wno-sign-conversion",
					"-Wno-unused-parameter",
					"-Wno-unused-result",
					"-Wshorten-64-to-32",
					"-Wall",
					"-Wno-unknown-warning-option",
					"-fstack-protector",
					"--param=ssp-buffer-size=4",
					"-Wformat",
					"-Wformat-security",
					"-Wno-sign-compare",
					"-Wno-cast-function-type-mismatch",
					"-Wno-shorten-64-to-32",
				);
				OTHER_LDFLAGS = (
					"-ldl",
					"-lpthread",
					"-lm",
					"-lpam",
					"-lssl",
					"-lcrypto",
					"-g",
					"-Wl,-no_warn_duplicate_libraries",
					"-Wl,-rpath,@executable_path/",
					"-Wl,-rpath,@loader_path/",
				);
				SYMROOT = ../../build/bin;
				USER_HEADER_SEARCH_PATHS = (
					../../src,
					../../src/osdep,
					../../src/mpr,
					../../src/http,
					/opt/homebrew/include,
				);
				WARNING_CFLAGS = "-Wall -Wextra";
			};
			name = debug;
		};
		C945EA368CB1ABE8CB555076 /* debug */ = {
			isa = XCBuildConfiguration;
			buildSettings = {
				ALWAYS_SEARCH_USER_PATHS = NO;
				CONFIGURATION_BUILD_DIR = ../../build/bin;
				DEBUG_INFORMATION_FORMAT = "dwarf-with-dsym";
				EXECUTABLE_PREFIX = lib;
				GCC_DYNAMIC_NO_PIC = NO;
				INSTALL_PATH = /usr/local/lib;
				PRODUCT_NAME = appweb;
			};
			name = debug;
		};
		FA5D330C6BE84B7E1AE9714C /* release */ = {
			isa = XCBuildConfiguration;
			buildSettings = {
				CONFIGURATION_BUILD_DIR = "$(SYMROOT)";
				CONFIGURATION_TEMP_DIR = "$(OBJROOT)";
				GCC_C_LANGUAGE_STANDARD = gnu11;
				GCC_OPTIMIZATION_LEVEL = 3;
				GCC_PREPROCESSOR_DEFINITIONS = (
					"ME_VERSION=\\\"9.2.0\\\"",
					"ME_APPWEB_PRODUCT=1",
					"ME_APP_PREFIX=\\\"/usr/local/lib/appweb\\\"",
					"ME_COM_CGI=1",
					"ME_COM_FAST=1",
					"ME_COM_PROXY=1",
					"ME_HTTP_BASIC=1",
					"ME_HTTP_CACHE=1",
					"ME_HTTP_CMD=1",
					"ME_HTTP_DEFENSE=1",
					"ME_HTTP_DIGEST=1",
					"ME_HTTP_DIR=1",
					"ME_HTTP_HTTP2=1",
					"ME_HTTP_PAM=1",
					"ME_HTTP_SENDFILE=1",
					"ME_HTTP_UPLOAD=1",
					"ME_HTTP_WEB_SOCKETS=1",
					"ME_COM_PCRE2=0",
					"ME_COM_OPENSSL=1",
					"ME_COM_MBEDTLS=0",
					"ME_COM_SSL=1",
					"ME_COM_MBEDTLS_PATH=\\\"/usr\\\"",
					"ME_COM_OPENSSL_PATH=\\\"/opt/homebrew\\\"",
				);
				GCC_SYMBOLS_PRIVATE_EXTERN = NO;
				GCC_WARN_ABOUT_RETURN_TYPE = YES;
				GCC_WARN_UNUSED_VARIABLE = YES;
				LIBRARY_SEARCH_PATHS = (
					/opt/homebrew/lib,
				);
				OBJROOT = "../../build/obj/appweb-lib-macosx-release";
				ONLY_ACTIVE_ARCH = NO;
				OTHER_CFLAGS = (
					"-Wno-sign-conversion",
					"-Wno-unused-parameter",
					"-Wno-unused-result",
					"-Wshorten-64-to-32",
					"-Wall",
					"-Wno-unknown-warning-option",
					"-fstack-protector",
					"--param=ssp-buffer-size=4",
					"-Wformat",
					"-Wformat-security",
					"-Wno-sign-compare",
					"-Wno-cast-function-type-mismatch",
					"-Wno-shorten-64-to-32",
				);
				OTHER_LDFLAGS = (
					"-ldl",
					"-lpthread",
					"-lm",
					"-lpam",
					"-lssl",
					"-lcrypto",
					"-Wl,-no_warn_duplicate_libraries",
					"-Wl,-rpath,@executable_path/",
					"-Wl,-rpath,@loader_path/",
				);
				SYMROOT = ../../build/bin;
				USER_HEADER_SEARCH_PATHS = (
					../../src,
					../../src/osdep,
					../../src/mpr,
					../../src/http,
					/opt/homebrew/include,
				);
				WARNING_CFLAGS = "-Wall -Wextra";
			};
			name = release;
		};
/* End XCBuildConfiguration section */

/* Begin XCConfigurationList section */
		00FA9550A3E8BC02330E9B90 /* Build configuration list for PBXNativeTarget "libappweb.dylib" */ = {
			isa = XCConfigurationList;
			buildConfigurations = (
				C945EA368CB1ABE8CB555076 /* debug */,
				792C6AB0C68F60E23CAE60F0 /* release */,
			);
			defaultConfigurationIsVisible = 0;
			defaultConfigurationName = debug;
		};
		1DEB928908733DD80010E9CD /* Build configuration list for PBXProject "appweb-lib" */ = {
			isa = XCConfigurationList;
			buildConfigurations = (
				C0C4FC52EF6B504448ACAA92 /* debug */,
				FA5D330C6BE84B7E1AE9714C /* release */,
			);
			defaultConfigurationIsVisible = 0;
			defaultConfigurationName = debug;
		};
/* End XCConfigurationList section */
};
rootObject = 08FB7793FE84155DC02AAC07 /* Project object */;
}